# THIS IS AN AUTOGENERATED FILE. DO NOT EDIT THIS FILE DIRECTLY.
# yarn lockfile v1


"@types/jquery@^3.3.10":
  version "3.3.10"
  resolved "https://registry.yarnpkg.com/@types/jquery/-/jquery-3.3.10.tgz#d0afaec7ee55f591992e74c607df5dc7cd9c76ab"

typescript@^3.1.1:
  version "3.1.1"
  resolved "https://registry.yarnpkg.com/typescript/-/typescript-3.1.1.tgz#3362ba9dd1e482ebb2355b02dfe8bcd19a2c7c96"
